
Microsoft Visual Studio Solution File, Format Version 12.00
# Visual Studio 15
VisualStudioVersion = 15.0.27703.2047
MinimumVisualStudioVersion = 10.0.40219.1
Project("{FAE04EC0-301F-11D3-BF4B-00C04F79EFBC}") = "clase3", "clase3\clase3.csproj", "{C5461929-FB7E-4D62-9FA3-21E9519DCD6A}"
EndProject
Project("{FAE04EC0-301F-11D3-BF4B-00C04F79EFBC}") = "ejercicio14", "ejercicio14\ejercicio14.csproj", "{1F18EDB0-445F-4CDE-B1B0-2C88F9F36FD7}"
EndProject
Project("{FAE04EC0-301F-11D3-BF4B-00C04F79EFBC}") = "ejercicio16", "ejercicio16\ejercicio16.csproj", "{119F4879-3522-4E45-B6D1-A569461CDAD0}"
EndProject
Project("{FAE04EC0-301F-11D3-BF4B-00C04F79EFBC}") = "ejercicio17", "ejercicio17\ejercicio17.csproj", "{CC10FD4F-3144-4869-982A-C7EC8246C30A}"
EndProject
Global
	GlobalSection(SolutionConfigurationPlatforms) = preSolution
		Debug|Any CPU = Debug|Any CPU
		Release|Any CPU = Release|Any CPU
	EndGlobalSection
	GlobalSection(ProjectConfigurationPlatforms) = postSolution
		{C5461929-FB7E-4D62-9FA3-21E9519DCD6A}.Debug|Any CPU.ActiveCfg = Debug|Any CPU
		{C5461929-FB7E-4D62-9FA3-21E9519DCD6A}.Debug|Any CPU.Build.0 = Debug|Any CPU
		{C5461929-FB7E-4D62-9FA3-21E9519DCD6A}.Release|Any CPU.ActiveCfg = Release|Any CPU
		{C5461929-FB7E-4D62-9FA3-21E9519DCD6A}.Release|Any CPU.Build.0 = Release|Any CPU
		{1F18EDB0-445F-4CDE-B1B0-2C88F9F36FD7}.Debug|Any CPU.ActiveCfg = Debug|Any CPU
		{1F18EDB0-445F-4CDE-B1B0-2C88F9F36FD7}.Debug|Any CPU.Build.0 = Debug|Any CPU
		{1F18EDB0-445F-4CDE-B1B0-2C88F9F36FD7}.Release|Any CPU.ActiveCfg = Release|Any CPU
		{1F18EDB0-445F-4CDE-B1B0-2C88F9F36FD7}.Release|Any CPU.Build.0 = Release|Any CPU
		{119F4879-3522-4E45-B6D1-A569461CDAD0}.Debug|Any CPU.ActiveCfg = Debug|Any CPU
		{119F4879-3522-4E45-B6D1-A569461CDAD0}.Debug|Any CPU.Build.0 = Debug|Any CPU
		{119F4879-3522-4E45-B6D1-A569461CDAD0}.Release|Any CPU.ActiveCfg = Release|Any CPU
		{119F4879-3522-4E45-B6D1-A569461CDAD0}.Release|Any CPU.Build.0 = Release|Any CPU
		{CC10FD4F-3144-4869-982A-C7EC8246C30A}.Debug|Any CPU.ActiveCfg = Debug|Any CPU
		{CC10FD4F-3144-4869-982A-C7EC8246C30A}.Debug|Any CPU.Build.0 = Debug|Any CPU
		{CC10FD4F-3144-4869-982A-C7EC8246C30A}.Release|Any CPU.ActiveCfg = Release|Any CPU
		{CC10FD4F-3144-4869-982A-C7EC8246C30A}.Release|Any CPU.Build.0 = Release|Any CPU
	EndGlobalSection
	GlobalSection(SolutionProperties) = preSolution
		HideSolutionNode = FALSE
	EndGlobalSection
	GlobalSection(ExtensibilityGlobals) = postSolution
		SolutionGuid = {F1C593B5-89F4-45E8-A353-B0BEBE71F8F5}
	EndGlobalSection
EndGlobal
