
Microsoft Visual Studio Solution File, Format Version 12.00
# Visual Studio 15
VisualStudioVersion = 15.0.27703.2047
MinimumVisualStudioVersion = 10.0.40219.1
Project("{FAE04EC0-301F-11D3-BF4B-00C04F79EFBC}") = "Entidades", "Entidades\Entidades.csproj", "{4F75C6BA-39C3-4DAF-AE72-DCF8CA1704A0}"
EndProject
Project("{FAE04EC0-301F-11D3-BF4B-00C04F79EFBC}") = "VistaConsola", "VistaConsola\VistaConsola.csproj", "{B70CF874-C99A-4716-A282-942CE755E273}"
EndProject
Project("{FAE04EC0-301F-11D3-BF4B-00C04F79EFBC}") = "VistaForm", "VistaForm\VistaForm.csproj", "{A57D9E8D-B62C-47D8-8069-E39D875AC7BA}"
EndProject
Global
	GlobalSection(SolutionConfigurationPlatforms) = preSolution
		Debug|Any CPU = Debug|Any CPU
		Release|Any CPU = Release|Any CPU
	EndGlobalSection
	GlobalSection(ProjectConfigurationPlatforms) = postSolution
		{4F75C6BA-39C3-4DAF-AE72-DCF8CA1704A0}.Debug|Any CPU.ActiveCfg = Debug|Any CPU
		{4F75C6BA-39C3-4DAF-AE72-DCF8CA1704A0}.Debug|Any CPU.Build.0 = Debug|Any CPU
		{4F75C6BA-39C3-4DAF-AE72-DCF8CA1704A0}.Release|Any CPU.ActiveCfg = Release|Any CPU
		{4F75C6BA-39C3-4DAF-AE72-DCF8CA1704A0}.Release|Any CPU.Build.0 = Release|Any CPU
		{B70CF874-C99A-4716-A282-942CE755E273}.Debug|Any CPU.ActiveCfg = Debug|Any CPU
		{B70CF874-C99A-4716-A282-942CE755E273}.Debug|Any CPU.Build.0 = Debug|Any CPU
		{B70CF874-C99A-4716-A282-942CE755E273}.Release|Any CPU.ActiveCfg = Release|Any CPU
		{B70CF874-C99A-4716-A282-942CE755E273}.Release|Any CPU.Build.0 = Release|Any CPU
		{A57D9E8D-B62C-47D8-8069-E39D875AC7BA}.Debug|Any CPU.ActiveCfg = Debug|Any CPU
		{A57D9E8D-B62C-47D8-8069-E39D875AC7BA}.Debug|Any CPU.Build.0 = Debug|Any CPU
		{A57D9E8D-B62C-47D8-8069-E39D875AC7BA}.Release|Any CPU.ActiveCfg = Release|Any CPU
		{A57D9E8D-B62C-47D8-8069-E39D875AC7BA}.Release|Any CPU.Build.0 = Release|Any CPU
	EndGlobalSection
	GlobalSection(SolutionProperties) = preSolution
		HideSolutionNode = FALSE
	EndGlobalSection
	GlobalSection(ExtensibilityGlobals) = postSolution
		SolutionGuid = {6CFDB5FE-D3C2-4C10-8B5F-DD4A9F27A9FC}
	EndGlobalSection
EndGlobal
