
Microsoft Visual Studio Solution File, Format Version 12.00
# Visual Studio 15
VisualStudioVersion = 15.0.27703.2047
MinimumVisualStudioVersion = 10.0.40219.1
Project("{FAE04EC0-301F-11D3-BF4B-00C04F79EFBC}") = "Ej42", "Ej42\Ej42.csproj", "{77682E9B-BE20-4BCD-8E0D-342CB4F13D3B}"
EndProject
Project("{FAE04EC0-301F-11D3-BF4B-00C04F79EFBC}") = "Ejercicio43Excepciones", "Ejercicio43Excepciones\Ejercicio43Excepciones.csproj", "{4EABABF5-5103-4EAD-980A-09DD9A912CDE}"
EndProject
Global
	GlobalSection(SolutionConfigurationPlatforms) = preSolution
		Debug|Any CPU = Debug|Any CPU
		Release|Any CPU = Release|Any CPU
	EndGlobalSection
	GlobalSection(ProjectConfigurationPlatforms) = postSolution
		{77682E9B-BE20-4BCD-8E0D-342CB4F13D3B}.Debug|Any CPU.ActiveCfg = Debug|Any CPU
		{77682E9B-BE20-4BCD-8E0D-342CB4F13D3B}.Debug|Any CPU.Build.0 = Debug|Any CPU
		{77682E9B-BE20-4BCD-8E0D-342CB4F13D3B}.Release|Any CPU.ActiveCfg = Release|Any CPU
		{77682E9B-BE20-4BCD-8E0D-342CB4F13D3B}.Release|Any CPU.Build.0 = Release|Any CPU
		{4EABABF5-5103-4EAD-980A-09DD9A912CDE}.Debug|Any CPU.ActiveCfg = Debug|Any CPU
		{4EABABF5-5103-4EAD-980A-09DD9A912CDE}.Debug|Any CPU.Build.0 = Debug|Any CPU
		{4EABABF5-5103-4EAD-980A-09DD9A912CDE}.Release|Any CPU.ActiveCfg = Release|Any CPU
		{4EABABF5-5103-4EAD-980A-09DD9A912CDE}.Release|Any CPU.Build.0 = Release|Any CPU
	EndGlobalSection
	GlobalSection(SolutionProperties) = preSolution
		HideSolutionNode = FALSE
	EndGlobalSection
	GlobalSection(ExtensibilityGlobals) = postSolution
		SolutionGuid = {38FAD035-A377-4855-8185-14907017C1F3}
	EndGlobalSection
EndGlobal
