
Microsoft Visual Studio Solution File, Format Version 12.00
# Visual Studio 15
VisualStudioVersion = 15.0.27703.2047
MinimumVisualStudioVersion = 10.0.40219.1
Project("{FAE04EC0-301F-11D3-BF4B-00C04F79EFBC}") = "Ejercicio30", "Ejercicio30\Ejercicio30.csproj", "{8B0FA33A-D422-445A-BA99-33EF03E48287}"
EndProject
Global
	GlobalSection(SolutionConfigurationPlatforms) = preSolution
		Debug|Any CPU = Debug|Any CPU
		Release|Any CPU = Release|Any CPU
	EndGlobalSection
	GlobalSection(ProjectConfigurationPlatforms) = postSolution
		{8B0FA33A-D422-445A-BA99-33EF03E48287}.Debug|Any CPU.ActiveCfg = Debug|Any CPU
		{8B0FA33A-D422-445A-BA99-33EF03E48287}.Debug|Any CPU.Build.0 = Debug|Any CPU
		{8B0FA33A-D422-445A-BA99-33EF03E48287}.Release|Any CPU.ActiveCfg = Release|Any CPU
		{8B0FA33A-D422-445A-BA99-33EF03E48287}.Release|Any CPU.Build.0 = Release|Any CPU
	EndGlobalSection
	GlobalSection(SolutionProperties) = preSolution
		HideSolutionNode = FALSE
	EndGlobalSection
	GlobalSection(ExtensibilityGlobals) = postSolution
		SolutionGuid = {2E3E4B27-1585-4FDB-A127-ED173B5E3191}
	EndGlobalSection
EndGlobal
